
Microsoft Visual Studio Solution File, Format Version 12.00
Project("{FAE04EC0-301F-11D3-BF4B-00C04F79EFBC}") = "ApiGateway", "ApiGateway\ApiGateway.csproj", "{A025E4AA-0B55-4B2F-B185-536006241EB0}"
EndProject
Project("{2150E333-8FDC-42A3-9474-1A3956D46DE8}") = "Service", "Service", "{F91FDF17-F102-4B1F-B238-5F534C91AA3F}"
EndProject
Project("{2150E333-8FDC-42A3-9474-1A3956D46DE8}") = "Library", "Library", "{3B005DF7-BFD1-444E-8AD6-BD23D8541EE3}"
EndProject
Project("{FAE04EC0-301F-11D3-BF4B-00C04F79EFBC}") = "Molecular", "Libraries\Molecular\Molecular.csproj", "{6D4236E5-D697-4957-8B0C-4A301D0AF3D4}"
EndProject
Project("{FAE04EC0-301F-11D3-BF4B-00C04F79EFBC}") = "Gateway", "Libraries\Gateway\Gateway.csproj", "{E3241D03-ACB7-4726-8E33-3AF12183512C}"
EndProject
Project("{FAE04EC0-301F-11D3-BF4B-00C04F79EFBC}") = "Prototype", "Services\Prototype\Prototype.csproj", "{D923ADDC-AFF1-4927-A42C-6E902A51F28A}"
EndProject
Project("{FAE04EC0-301F-11D3-BF4B-00C04F79EFBC}") = "Users", "Services\Users\Users.csproj", "{D1121044-A2FF-4B9D-88AE-8F48CFFCDFC1}"
EndProject
Project("{FAE04EC0-301F-11D3-BF4B-00C04F79EFBC}") = "ServiceWorker", "Libraries\ServiceWorker\ServiceWorker.csproj", "{E711C64B-586E-46FF-B83E-0D3FAC5E9D2E}"
EndProject
Project("{2150E333-8FDC-42A3-9474-1A3956D46DE8}") = "Website", "Website", "{196695E1-B745-4376-B258-B9B155E3D8DD}"
EndProject
Project("{FAE04EC0-301F-11D3-BF4B-00C04F79EFBC}") = "Web.Client", "Website\Web.Client\Web.Client.csproj", "{5CE5F700-C5FC-489B-B1A6-EE0756328FA4}"
EndProject
Project("{FAE04EC0-301F-11D3-BF4B-00C04F79EFBC}") = "Web.Server", "Website\Web.Server\Web.Server.csproj", "{833E15E5-E463-40F9-B6B6-4F23BBC2F5D5}"
EndProject
Project("{FAE04EC0-301F-11D3-BF4B-00C04F79EFBC}") = "Web.Shared", "Website\Web.Shared\Web.Shared.csproj", "{F127932C-CF94-4199-B2DA-FA8339BE0AA9}"
EndProject
Global
	GlobalSection(SolutionConfigurationPlatforms) = preSolution
		Debug|Any CPU = Debug|Any CPU
		Release|Any CPU = Release|Any CPU
	EndGlobalSection
	GlobalSection(ProjectConfigurationPlatforms) = postSolution
		{A025E4AA-0B55-4B2F-B185-536006241EB0}.Debug|Any CPU.ActiveCfg = Debug|Any CPU
		{A025E4AA-0B55-4B2F-B185-536006241EB0}.Debug|Any CPU.Build.0 = Debug|Any CPU
		{A025E4AA-0B55-4B2F-B185-536006241EB0}.Release|Any CPU.ActiveCfg = Release|Any CPU
		{A025E4AA-0B55-4B2F-B185-536006241EB0}.Release|Any CPU.Build.0 = Release|Any CPU
		{6D4236E5-D697-4957-8B0C-4A301D0AF3D4}.Debug|Any CPU.ActiveCfg = Debug|Any CPU
		{6D4236E5-D697-4957-8B0C-4A301D0AF3D4}.Debug|Any CPU.Build.0 = Debug|Any CPU
		{6D4236E5-D697-4957-8B0C-4A301D0AF3D4}.Release|Any CPU.ActiveCfg = Release|Any CPU
		{6D4236E5-D697-4957-8B0C-4A301D0AF3D4}.Release|Any CPU.Build.0 = Release|Any CPU
		{E3241D03-ACB7-4726-8E33-3AF12183512C}.Debug|Any CPU.ActiveCfg = Debug|Any CPU
		{E3241D03-ACB7-4726-8E33-3AF12183512C}.Debug|Any CPU.Build.0 = Debug|Any CPU
		{E3241D03-ACB7-4726-8E33-3AF12183512C}.Release|Any CPU.ActiveCfg = Release|Any CPU
		{E3241D03-ACB7-4726-8E33-3AF12183512C}.Release|Any CPU.Build.0 = Release|Any CPU
		{D923ADDC-AFF1-4927-A42C-6E902A51F28A}.Debug|Any CPU.ActiveCfg = Debug|Any CPU
		{D923ADDC-AFF1-4927-A42C-6E902A51F28A}.Debug|Any CPU.Build.0 = Debug|Any CPU
		{D923ADDC-AFF1-4927-A42C-6E902A51F28A}.Release|Any CPU.ActiveCfg = Release|Any CPU
		{D923ADDC-AFF1-4927-A42C-6E902A51F28A}.Release|Any CPU.Build.0 = Release|Any CPU
		{D1121044-A2FF-4B9D-88AE-8F48CFFCDFC1}.Debug|Any CPU.ActiveCfg = Debug|Any CPU
		{D1121044-A2FF-4B9D-88AE-8F48CFFCDFC1}.Debug|Any CPU.Build.0 = Debug|Any CPU
		{D1121044-A2FF-4B9D-88AE-8F48CFFCDFC1}.Release|Any CPU.ActiveCfg = Release|Any CPU
		{D1121044-A2FF-4B9D-88AE-8F48CFFCDFC1}.Release|Any CPU.Build.0 = Release|Any CPU
		{E711C64B-586E-46FF-B83E-0D3FAC5E9D2E}.Debug|Any CPU.ActiveCfg = Debug|Any CPU
		{E711C64B-586E-46FF-B83E-0D3FAC5E9D2E}.Debug|Any CPU.Build.0 = Debug|Any CPU
		{E711C64B-586E-46FF-B83E-0D3FAC5E9D2E}.Release|Any CPU.ActiveCfg = Release|Any CPU
		{E711C64B-586E-46FF-B83E-0D3FAC5E9D2E}.Release|Any CPU.Build.0 = Release|Any CPU
		{5CE5F700-C5FC-489B-B1A6-EE0756328FA4}.Debug|Any CPU.ActiveCfg = Debug|Any CPU
		{5CE5F700-C5FC-489B-B1A6-EE0756328FA4}.Debug|Any CPU.Build.0 = Debug|Any CPU
		{5CE5F700-C5FC-489B-B1A6-EE0756328FA4}.Release|Any CPU.ActiveCfg = Release|Any CPU
		{5CE5F700-C5FC-489B-B1A6-EE0756328FA4}.Release|Any CPU.Build.0 = Release|Any CPU
		{833E15E5-E463-40F9-B6B6-4F23BBC2F5D5}.Debug|Any CPU.ActiveCfg = Debug|Any CPU
		{833E15E5-E463-40F9-B6B6-4F23BBC2F5D5}.Debug|Any CPU.Build.0 = Debug|Any CPU
		{833E15E5-E463-40F9-B6B6-4F23BBC2F5D5}.Release|Any CPU.ActiveCfg = Release|Any CPU
		{833E15E5-E463-40F9-B6B6-4F23BBC2F5D5}.Release|Any CPU.Build.0 = Release|Any CPU
		{F127932C-CF94-4199-B2DA-FA8339BE0AA9}.Debug|Any CPU.ActiveCfg = Debug|Any CPU
		{F127932C-CF94-4199-B2DA-FA8339BE0AA9}.Debug|Any CPU.Build.0 = Debug|Any CPU
		{F127932C-CF94-4199-B2DA-FA8339BE0AA9}.Release|Any CPU.ActiveCfg = Release|Any CPU
		{F127932C-CF94-4199-B2DA-FA8339BE0AA9}.Release|Any CPU.Build.0 = Release|Any CPU
	EndGlobalSection
	GlobalSection(NestedProjects) = preSolution
		{6D4236E5-D697-4957-8B0C-4A301D0AF3D4} = {3B005DF7-BFD1-444E-8AD6-BD23D8541EE3}
		{E3241D03-ACB7-4726-8E33-3AF12183512C} = {3B005DF7-BFD1-444E-8AD6-BD23D8541EE3}
		{D923ADDC-AFF1-4927-A42C-6E902A51F28A} = {F91FDF17-F102-4B1F-B238-5F534C91AA3F}
		{D1121044-A2FF-4B9D-88AE-8F48CFFCDFC1} = {F91FDF17-F102-4B1F-B238-5F534C91AA3F}
		{E711C64B-586E-46FF-B83E-0D3FAC5E9D2E} = {3B005DF7-BFD1-444E-8AD6-BD23D8541EE3}
		{5CE5F700-C5FC-489B-B1A6-EE0756328FA4} = {196695E1-B745-4376-B258-B9B155E3D8DD}
		{833E15E5-E463-40F9-B6B6-4F23BBC2F5D5} = {196695E1-B745-4376-B258-B9B155E3D8DD}
		{F127932C-CF94-4199-B2DA-FA8339BE0AA9} = {196695E1-B745-4376-B258-B9B155E3D8DD}
	EndGlobalSection
EndGlobal
