
Microsoft Visual Studio Solution File, Format Version 12.00
Project("{FAE04EC0-301F-11D3-BF4B-00C04F79EFBC}") = "Connection", "Connection\Connection.csproj", "{91D77550-E0A8-4D9C-9E89-16F0DA3D21C7}"
EndProject
Project("{FAE04EC0-301F-11D3-BF4B-00C04F79EFBC}") = "ApiGateway", "ApiGateway\ApiGateway.csproj", "{A025E4AA-0B55-4B2F-B185-536006241EB0}"
EndProject
Project("{FAE04EC0-301F-11D3-BF4B-00C04F79EFBC}") = "Gateway", "Gateway\Gateway.csproj", "{4260C49E-4207-4F1C-860E-2E3A2707D0BA}"
EndProject
Project("{2150E333-8FDC-42A3-9474-1A3956D46DE8}") = "Service", "Service", "{F91FDF17-F102-4B1F-B238-5F534C91AA3F}"
EndProject
Project("{FAE04EC0-301F-11D3-BF4B-00C04F79EFBC}") = "UserService", "Services\UserService\UserService.csproj", "{87476C16-B5D9-47CE-867A-4A76961EB47B}"
EndProject
Project("{FAE04EC0-301F-11D3-BF4B-00C04F79EFBC}") = "TicketService", "Services\TicketService\TicketService.csproj", "{E2032D08-C7AB-4DAE-840E-12A450F4E8C4}"
EndProject
Project("{FAE04EC0-301F-11D3-BF4B-00C04F79EFBC}") = "TaskService", "Services\TaskService\TaskService.csproj", "{58C382A1-2B54-4E82-813B-050E669C21BF}"
EndProject
Project("{FAE04EC0-301F-11D3-BF4B-00C04F79EFBC}") = "ProjectService", "Services\ProjectService\ProjectService.csproj", "{0BD5B9B3-32B7-41C6-9CC7-D16EC7626717}"
EndProject
Project("{FAE04EC0-301F-11D3-BF4B-00C04F79EFBC}") = "NotificationService", "Services\NotificationService\NotificationService.csproj", "{6C39FBE5-B648-42C4-AD63-26170740FDDB}"
EndProject
Global
	GlobalSection(SolutionConfigurationPlatforms) = preSolution
		Debug|Any CPU = Debug|Any CPU
		Release|Any CPU = Release|Any CPU
	EndGlobalSection
	GlobalSection(ProjectConfigurationPlatforms) = postSolution
		{91D77550-E0A8-4D9C-9E89-16F0DA3D21C7}.Debug|Any CPU.ActiveCfg = Debug|Any CPU
		{91D77550-E0A8-4D9C-9E89-16F0DA3D21C7}.Debug|Any CPU.Build.0 = Debug|Any CPU
		{91D77550-E0A8-4D9C-9E89-16F0DA3D21C7}.Release|Any CPU.ActiveCfg = Release|Any CPU
		{91D77550-E0A8-4D9C-9E89-16F0DA3D21C7}.Release|Any CPU.Build.0 = Release|Any CPU
		{A025E4AA-0B55-4B2F-B185-536006241EB0}.Debug|Any CPU.ActiveCfg = Debug|Any CPU
		{A025E4AA-0B55-4B2F-B185-536006241EB0}.Debug|Any CPU.Build.0 = Debug|Any CPU
		{A025E4AA-0B55-4B2F-B185-536006241EB0}.Release|Any CPU.ActiveCfg = Release|Any CPU
		{A025E4AA-0B55-4B2F-B185-536006241EB0}.Release|Any CPU.Build.0 = Release|Any CPU
		{4260C49E-4207-4F1C-860E-2E3A2707D0BA}.Debug|Any CPU.ActiveCfg = Debug|Any CPU
		{4260C49E-4207-4F1C-860E-2E3A2707D0BA}.Debug|Any CPU.Build.0 = Debug|Any CPU
		{4260C49E-4207-4F1C-860E-2E3A2707D0BA}.Release|Any CPU.ActiveCfg = Release|Any CPU
		{4260C49E-4207-4F1C-860E-2E3A2707D0BA}.Release|Any CPU.Build.0 = Release|Any CPU
		{87476C16-B5D9-47CE-867A-4A76961EB47B}.Debug|Any CPU.ActiveCfg = Debug|Any CPU
		{87476C16-B5D9-47CE-867A-4A76961EB47B}.Debug|Any CPU.Build.0 = Debug|Any CPU
		{87476C16-B5D9-47CE-867A-4A76961EB47B}.Release|Any CPU.ActiveCfg = Release|Any CPU
		{87476C16-B5D9-47CE-867A-4A76961EB47B}.Release|Any CPU.Build.0 = Release|Any CPU
		{E2032D08-C7AB-4DAE-840E-12A450F4E8C4}.Debug|Any CPU.ActiveCfg = Debug|Any CPU
		{E2032D08-C7AB-4DAE-840E-12A450F4E8C4}.Debug|Any CPU.Build.0 = Debug|Any CPU
		{E2032D08-C7AB-4DAE-840E-12A450F4E8C4}.Release|Any CPU.ActiveCfg = Release|Any CPU
		{E2032D08-C7AB-4DAE-840E-12A450F4E8C4}.Release|Any CPU.Build.0 = Release|Any CPU
		{58C382A1-2B54-4E82-813B-050E669C21BF}.Debug|Any CPU.ActiveCfg = Debug|Any CPU
		{58C382A1-2B54-4E82-813B-050E669C21BF}.Debug|Any CPU.Build.0 = Debug|Any CPU
		{58C382A1-2B54-4E82-813B-050E669C21BF}.Release|Any CPU.ActiveCfg = Release|Any CPU
		{58C382A1-2B54-4E82-813B-050E669C21BF}.Release|Any CPU.Build.0 = Release|Any CPU
		{0BD5B9B3-32B7-41C6-9CC7-D16EC7626717}.Debug|Any CPU.ActiveCfg = Debug|Any CPU
		{0BD5B9B3-32B7-41C6-9CC7-D16EC7626717}.Debug|Any CPU.Build.0 = Debug|Any CPU
		{0BD5B9B3-32B7-41C6-9CC7-D16EC7626717}.Release|Any CPU.ActiveCfg = Release|Any CPU
		{0BD5B9B3-32B7-41C6-9CC7-D16EC7626717}.Release|Any CPU.Build.0 = Release|Any CPU
		{6C39FBE5-B648-42C4-AD63-26170740FDDB}.Debug|Any CPU.ActiveCfg = Debug|Any CPU
		{6C39FBE5-B648-42C4-AD63-26170740FDDB}.Debug|Any CPU.Build.0 = Debug|Any CPU
		{6C39FBE5-B648-42C4-AD63-26170740FDDB}.Release|Any CPU.ActiveCfg = Release|Any CPU
		{6C39FBE5-B648-42C4-AD63-26170740FDDB}.Release|Any CPU.Build.0 = Release|Any CPU
	EndGlobalSection
	GlobalSection(NestedProjects) = preSolution
		{87476C16-B5D9-47CE-867A-4A76961EB47B} = {F91FDF17-F102-4B1F-B238-5F534C91AA3F}
		{E2032D08-C7AB-4DAE-840E-12A450F4E8C4} = {F91FDF17-F102-4B1F-B238-5F534C91AA3F}
		{58C382A1-2B54-4E82-813B-050E669C21BF} = {F91FDF17-F102-4B1F-B238-5F534C91AA3F}
		{0BD5B9B3-32B7-41C6-9CC7-D16EC7626717} = {F91FDF17-F102-4B1F-B238-5F534C91AA3F}
		{6C39FBE5-B648-42C4-AD63-26170740FDDB} = {F91FDF17-F102-4B1F-B238-5F534C91AA3F}
	EndGlobalSection
EndGlobal
